
Microsoft Visual Studio Solution File, Format Version 12.00
# Visual Studio Version 16
VisualStudioVersion = 16.0.30523.141
MinimumVisualStudioVersion = 10.0.40219.1
Project("{FAE04EC0-301F-11D3-BF4B-00C04F79EFBC}") = "Online_Academy", "Online_Academy\Online_Academy.csproj", "{0F74D294-6FE4-4E1E-9F13-82CE6AB3F09F}"
EndProject
Project("{FAE04EC0-301F-11D3-BF4B-00C04F79EFBC}") = "WebAPI", "WebAPI\WebAPI.csproj", "{F6E4C014-4B43-4568-8374-B6C6FDBE3832}"
EndProject
Global
	GlobalSection(SolutionConfigurationPlatforms) = preSolution
		Debug|Any CPU = Debug|Any CPU
		Release|Any CPU = Release|Any CPU
	EndGlobalSection
	GlobalSection(ProjectConfigurationPlatforms) = postSolution
		{0F74D294-6FE4-4E1E-9F13-82CE6AB3F09F}.Debug|Any CPU.ActiveCfg = Debug|Any CPU
		{0F74D294-6FE4-4E1E-9F13-82CE6AB3F09F}.Debug|Any CPU.Build.0 = Debug|Any CPU
		{0F74D294-6FE4-4E1E-9F13-82CE6AB3F09F}.Release|Any CPU.ActiveCfg = Release|Any CPU
		{0F74D294-6FE4-4E1E-9F13-82CE6AB3F09F}.Release|Any CPU.Build.0 = Release|Any CPU
		{F6E4C014-4B43-4568-8374-B6C6FDBE3832}.Debug|Any CPU.ActiveCfg = Debug|Any CPU
		{F6E4C014-4B43-4568-8374-B6C6FDBE3832}.Debug|Any CPU.Build.0 = Debug|Any CPU
		{F6E4C014-4B43-4568-8374-B6C6FDBE3832}.Release|Any CPU.ActiveCfg = Release|Any CPU
		{F6E4C014-4B43-4568-8374-B6C6FDBE3832}.Release|Any CPU.Build.0 = Release|Any CPU
	EndGlobalSection
	GlobalSection(SolutionProperties) = preSolution
		HideSolutionNode = FALSE
	EndGlobalSection
	GlobalSection(ExtensibilityGlobals) = postSolution
		SolutionGuid = {34AE3666-958C-44DE-A589-A30B7EF007B2}
	EndGlobalSection
EndGlobal
